# This file is generated by running "yarn install" inside your project.
# Manual changes might be lost - proceed with caution!

__metadata:
  version: 8
  cacheKey: 10

"astexplorer-go@workspace:.":
  version: 0.0.0-use.local
  resolution: "astexplorer-go@workspace:."
  dependencies:
    shelljs: "npm:^0.8.5"
  languageName: unknown
  linkType: soft

"balanced-match@npm:^1.0.0":
  version: 1.0.2
  resolution: "balanced-match@npm:1.0.2"
  checksum: 10/9706c088a283058a8a99e0bf91b0a2f75497f185980d9ffa8b304de1d9e58ebda7c72c07ebf01dadedaac5b2907b2c6f566f660d62bd336c3468e960403b9d65
  languageName: node
  linkType: hard

"brace-expansion@npm:^1.1.7":
  version: 1.1.11
  resolution: "brace-expansion@npm:1.1.11"
  dependencies:
    balanced-match: "npm:^1.0.0"
    concat-map: "npm:0.0.1"
  checksum: 10/faf34a7bb0c3fcf4b59c7808bc5d2a96a40988addf2e7e09dfbb67a2251800e0d14cd2bfc1aa79174f2f5095c54ff27f46fb1289fe2d77dac755b5eb3434cc07
  languageName: node
  linkType: hard

"concat-map@npm:0.0.1":
  version: 0.0.1
  resolution: "concat-map@npm:0.0.1"
  checksum: 10/9680699c8e2b3af0ae22592cb764acaf973f292a7b71b8a06720233011853a58e256c89216a10cbe889727532fd77f8bcd49a760cedfde271b8e006c20e079f2
  languageName: node
  linkType: hard

"fs.realpath@npm:^1.0.0":
  version: 1.0.0
  resolution: "fs.realpath@npm:1.0.0"
  checksum: 10/e703107c28e362d8d7b910bbcbfd371e640a3bb45ae157a362b5952c0030c0b6d4981140ec319b347bce7adc025dd7813da1ff908a945ac214d64f5402a51b96
  languageName: node
  linkType: hard

"function-bind@npm:^1.1.1":
  version: 1.1.1
  resolution: "function-bind@npm:1.1.1"
  checksum: 10/d83f2968030678f0b8c3f2183d63dcd969344eb8b55b4eb826a94ccac6de8b87c95bebffda37a6386c74f152284eb02956ff2c496897f35d32bdc2628ac68ac5
  languageName: node
  linkType: hard

"glob@npm:^7.0.0":
  version: 7.2.3
  resolution: "glob@npm:7.2.3"
  dependencies:
    fs.realpath: "npm:^1.0.0"
    inflight: "npm:^1.0.4"
    inherits: "npm:2"
    minimatch: "npm:^3.1.1"
    once: "npm:^1.3.0"
    path-is-absolute: "npm:^1.0.0"
  checksum: 10/59452a9202c81d4508a43b8af7082ca5c76452b9fcc4a9ab17655822e6ce9b21d4f8fbadabe4fe3faef448294cec249af305e2cd824b7e9aaf689240e5e96a7b
  languageName: node
  linkType: hard

"has@npm:^1.0.3":
  version: 1.0.3
  resolution: "has@npm:1.0.3"
  dependencies:
    function-bind: "npm:^1.1.1"
  checksum: 10/a449f3185b1d165026e8d25f6a8c3390bd25c201ff4b8c1aaf948fc6a5fcfd6507310b8c00c13a3325795ea9791fcc3d79d61eafa313b5750438fc19183df57b
  languageName: node
  linkType: hard

"inflight@npm:^1.0.4":
  version: 1.0.6
  resolution: "inflight@npm:1.0.6"
  dependencies:
    once: "npm:^1.3.0"
    wrappy: "npm:1"
  checksum: 10/d2ebd65441a38c8336c223d1b80b921b9fa737e37ea466fd7e253cb000c64ae1f17fa59e68130ef5bda92cfd8d36b83d37dab0eb0a4558bcfec8e8cdfd2dcb67
  languageName: node
  linkType: hard

"inherits@npm:2":
  version: 2.0.4
  resolution: "inherits@npm:2.0.4"
  checksum: 10/cd45e923bee15186c07fa4c89db0aace24824c482fb887b528304694b2aa6ff8a898da8657046a5dcf3e46cd6db6c61629551f9215f208d7c3f157cf9b290521
  languageName: node
  linkType: hard

"interpret@npm:^1.0.0":
  version: 1.4.0
  resolution: "interpret@npm:1.4.0"
  checksum: 10/5beec568d3f60543d0f61f2c5969d44dffcb1a372fe5abcdb8013968114d4e4aaac06bc971a4c9f5bd52d150881d8ebad72a8c60686b1361f5f0522f39c0e1a3
  languageName: node
  linkType: hard

"is-core-module@npm:^2.9.0":
  version: 2.10.0
  resolution: "is-core-module@npm:2.10.0"
  dependencies:
    has: "npm:^1.0.3"
  checksum: 10/2bbaf37f60c3ac6a45ea020cda8df202d98145923a8d501b00810edd206c567328d09ffc279d84862a88a3bf9631116280cdc5d60dd59059554b6cc432310a88
  languageName: node
  linkType: hard

"minimatch@npm:^3.1.1":
  version: 3.1.2
  resolution: "minimatch@npm:3.1.2"
  dependencies:
    brace-expansion: "npm:^1.1.7"
  checksum: 10/e0b25b04cd4ec6732830344e5739b13f8690f8a012d73445a4a19fbc623f5dd481ef7a5827fde25954cd6026fede7574cc54dc4643c99d6c6b653d6203f94634
  languageName: node
  linkType: hard

"once@npm:^1.3.0":
  version: 1.4.0
  resolution: "once@npm:1.4.0"
  dependencies:
    wrappy: "npm:1"
  checksum: 10/cd0a88501333edd640d95f0d2700fbde6bff20b3d4d9bdc521bdd31af0656b5706570d6c6afe532045a20bb8dc0849f8332d6f2a416e0ba6d3d3b98806c7db68
  languageName: node
  linkType: hard

"path-is-absolute@npm:^1.0.0":
  version: 1.0.1
  resolution: "path-is-absolute@npm:1.0.1"
  checksum: 10/060840f92cf8effa293bcc1bea81281bd7d363731d214cbe5c227df207c34cd727430f70c6037b5159c8a870b9157cba65e775446b0ab06fd5ecc7e54615a3b8
  languageName: node
  linkType: hard

"path-parse@npm:^1.0.7":
  version: 1.0.7
  resolution: "path-parse@npm:1.0.7"
  checksum: 10/49abf3d81115642938a8700ec580da6e830dde670be21893c62f4e10bd7dd4c3742ddc603fe24f898cba7eb0c6bc1777f8d9ac14185d34540c6d4d80cd9cae8a
  languageName: node
  linkType: hard

"rechoir@npm:^0.6.2":
  version: 0.6.2
  resolution: "rechoir@npm:0.6.2"
  dependencies:
    resolve: "npm:^1.1.6"
  checksum: 10/fe76bf9c21875ac16e235defedd7cbd34f333c02a92546142b7911a0f7c7059d2e16f441fe6fb9ae203f459c05a31b2bcf26202896d89e390eda7514d5d2702b
  languageName: node
  linkType: hard

"resolve@npm:^1.1.6":
  version: 1.22.1
  resolution: "resolve@npm:1.22.1"
  dependencies:
    is-core-module: "npm:^2.9.0"
    path-parse: "npm:^1.0.7"
    supports-preserve-symlinks-flag: "npm:^1.0.0"
  bin:
    resolve: bin/resolve
  checksum: 10/4adcfac33f0baf6fc46d6c3a11acfad5c9345eab8bb7280d65672dc40a9694ddab6d18be2feebccf6cfc581bedd7ebfa792f6bc86db1903a41d328c23161bd23
  languageName: node
  linkType: hard

"resolve@patch:resolve@npm%3A^1.1.6#optional!builtin<compat/resolve>":
  version: 1.22.1
  resolution: "resolve@patch:resolve@npm%3A1.22.1#optional!builtin<compat/resolve>::version=1.22.1&hash=c3c19d"
  dependencies:
    is-core-module: "npm:^2.9.0"
    path-parse: "npm:^1.0.7"
    supports-preserve-symlinks-flag: "npm:^1.0.0"
  bin:
    resolve: bin/resolve
  checksum: 10/551dd500765cce767c583747f5f21ceb51d437f539b01aee96d6ec39eb2c68a8ff5d646b083d690fe428a81329856bc1bbdb094379b8df4b3f10e7e1f6aa3839
  languageName: node
  linkType: hard

"shelljs@npm:^0.8.5":
  version: 0.8.5
  resolution: "shelljs@npm:0.8.5"
  dependencies:
    glob: "npm:^7.0.0"
    interpret: "npm:^1.0.0"
    rechoir: "npm:^0.6.2"
  bin:
    shjs: bin/shjs
  checksum: 10/f2178274b97b44332bbe9ddb78161137054f55ecf701c7a99db9552cb5478fe279ad5f5131d8a7c2f0730e01ccf0c629d01094143f0541962ce1a3d0243d23f7
  languageName: node
  linkType: hard

"supports-preserve-symlinks-flag@npm:^1.0.0":
  version: 1.0.0
  resolution: "supports-preserve-symlinks-flag@npm:1.0.0"
  checksum: 10/a9dc19ae2220c952bd2231d08ddeecb1b0328b61e72071ff4000c8384e145cc07c1c0bdb3b5a1cb06e186a7b2790f1dee793418b332f6ddf320de25d9125be7e
  languageName: node
  linkType: hard

"wrappy@npm:1":
  version: 1.0.2
  resolution: "wrappy@npm:1.0.2"
  checksum: 10/159da4805f7e84a3d003d8841557196034155008f817172d4e986bd591f74aa82aa7db55929a54222309e01079a65a92a9e6414da5a6aa4b01ee44a511ac3ee5
  languageName: node
  linkType: hard
